// !$*UTF8*$!
{
	archiveVersion = 1;
	classes = {
	};
	objectVersion = 48;
	objects = {

/* Begin PBXBuildFile section */
		C60C77CF1F9F443F004C60AE /* TimeLineScrollView.swift in Sources */ = {isa = PBXBuildFile; fileRef = C60C77CE1F9F443F004C60AE /* TimeLineScrollView.swift */; };
		C6AC8ADC1F822C610049A52B /* CDateInterval.m in Sources */ = {isa = PBXBuildFile; fileRef = C6AC8ADB1F822C610049A52B /* CDateInterval.m */; };
		C6B1AB0A1F94DFF700B87747 /* TimeLineViewAppearance.swift in Sources */ = {isa = PBXBuildFile; fileRef = C6B1AB091F94DFF700B87747 /* TimeLineViewAppearance.swift */; };
		C6B1AB0C1F94F1E200B87747 /* TimeLineDefaultAppearance.swift in Sources */ = {isa = PBXBuildFile; fileRef = C6B1AB0B1F94F1E200B87747 /* TimeLineDefaultAppearance.swift */; };
		E23243791F92533B00C433BE /* ViewController.swift in Sources */ = {isa = PBXBuildFile; fileRef = E240626E1F811AE700C77FAE /* ViewController.swift */; };
		E23243811F92774900C433BE /* Misc.swift in Sources */ = {isa = PBXBuildFile; fileRef = E23243801F92774900C433BE /* Misc.swift */; };
		E240626D1F811AE700C77FAE /* AppDelegate.swift in Sources */ = {isa = PBXBuildFile; fileRef = E240626C1F811AE700C77FAE /* AppDelegate.swift */; };
		E24062721F811AE700C77FAE /* Main.storyboard in Resources */ = {isa = PBXBuildFile; fileRef = E24062701F811AE700C77FAE /* Main.storyboard */; };
		E24062741F811AE700C77FAE /* Assets.xcassets in Resources */ = {isa = PBXBuildFile; fileRef = E24062731F811AE700C77FAE /* Assets.xcassets */; };
		E24062771F811AE700C77FAE /* LaunchScreen.storyboard in Resources */ = {isa = PBXBuildFile; fileRef = E24062751F811AE700C77FAE /* LaunchScreen.storyboard */; };
		E24742E41F93A92F00409ECE /* TimeLineView.swift in Sources */ = {isa = PBXBuildFile; fileRef = E24742E31F93A82A00409ECE /* TimeLineView.swift */; };
		E24742E51F93A93200409ECE /* ThumbView.swift in Sources */ = {isa = PBXBuildFile; fileRef = E24742E21F93A82A00409ECE /* ThumbView.swift */; };
		E24742E61F93A93D00409ECE /* SelectedTimeIntervalScope.swift in Sources */ = {isa = PBXBuildFile; fileRef = E24742D41F93A82A00409ECE /* SelectedTimeIntervalScope.swift */; };
		E24742E71F93A94900409ECE /* Date+Extensions.swift in Sources */ = {isa = PBXBuildFile; fileRef = E24742D81F93A82A00409ECE /* Date+Extensions.swift */; };
		E24742E81F93A94900409ECE /* String+Attributes.swift in Sources */ = {isa = PBXBuildFile; fileRef = E24742D91F93A82A00409ECE /* String+Attributes.swift */; };
		E24742E91F93A94900409ECE /* TimeLineViewSyncManager.swift in Sources */ = {isa = PBXBuildFile; fileRef = E24742DE1F93A82A00409ECE /* TimeLineViewSyncManager.swift */; };
		E24742EA1F93A94900409ECE /* ReservationView.swift in Sources */ = {isa = PBXBuildFile; fileRef = E24742E01F93A82A00409ECE /* ReservationView.swift */; };
		E24742EB1F93A94900409ECE /* SelectedTimeIntervalView.swift in Sources */ = {isa = PBXBuildFile; fileRef = E24742E11F93A82A00409ECE /* SelectedTimeIntervalView.swift */; };
		E2BCA57E1F8AA5FD00A2B250 /* ReservationModel.swift in Sources */ = {isa = PBXBuildFile; fileRef = E2BCA57D1F8AA5FD00A2B250 /* ReservationModel.swift */; };
		E2BCA5801F8AACEB00A2B250 /* CTimeLineViewModel.swift in Sources */ = {isa = PBXBuildFile; fileRef = E2BCA57F1F8AACEB00A2B250 /* CTimeLineViewModel.swift */; };
/* End PBXBuildFile section */

/* Begin PBXFileReference section */
		C60C77CE1F9F443F004C60AE /* TimeLineScrollView.swift */ = {isa = PBXFileReference; lastKnownFileType = sourcecode.swift; path = TimeLineScrollView.swift; sourceTree = "<group>"; };
		C6AC8ADA1F822C600049A52B /* CDateInterval.h */ = {isa = PBXFileReference; lastKnownFileType = sourcecode.c.h; path = CDateInterval.h; sourceTree = "<group>"; };
		C6AC8ADB1F822C610049A52B /* CDateInterval.m */ = {isa = PBXFileReference; lastKnownFileType = sourcecode.c.objc; path = CDateInterval.m; sourceTree = "<group>"; };
		C6B1AB091F94DFF700B87747 /* TimeLineViewAppearance.swift */ = {isa = PBXFileReference; lastKnownFileType = sourcecode.swift; path = TimeLineViewAppearance.swift; sourceTree = "<group>"; };
		C6B1AB0B1F94F1E200B87747 /* TimeLineDefaultAppearance.swift */ = {isa = PBXFileReference; lastKnownFileType = sourcecode.swift; path = TimeLineDefaultAppearance.swift; sourceTree = "<group>"; };
		E23243801F92774900C433BE /* Misc.swift */ = {isa = PBXFileReference; lastKnownFileType = sourcecode.swift; path = Misc.swift; sourceTree = "<group>"; };
		E24062691F811AE700C77FAE /* TimeLineViewTest.app */ = {isa = PBXFileReference; explicitFileType = wrapper.application; includeInIndex = 0; path = TimeLineViewTest.app; sourceTree = BUILT_PRODUCTS_DIR; };
		E240626C1F811AE700C77FAE /* AppDelegate.swift */ = {isa = PBXFileReference; lastKnownFileType = sourcecode.swift; path = AppDelegate.swift; sourceTree = "<group>"; };
		E240626E1F811AE700C77FAE /* ViewController.swift */ = {isa = PBXFileReference; lastKnownFileType = sourcecode.swift; path = ViewController.swift; sourceTree = "<group>"; };
		E24062711F811AE700C77FAE /* Base */ = {isa = PBXFileReference; lastKnownFileType = file.storyboard; name = Base; path = Base.lproj/Main.storyboard; sourceTree = "<group>"; };
		E24062731F811AE700C77FAE /* Assets.xcassets */ = {isa = PBXFileReference; lastKnownFileType = folder.assetcatalog; path = Assets.xcassets; sourceTree = "<group>"; };
		E24062761F811AE700C77FAE /* Base */ = {isa = PBXFileReference; lastKnownFileType = file.storyboard; name = Base; path = Base.lproj/LaunchScreen.storyboard; sourceTree = "<group>"; };
		E24062781F811AE700C77FAE /* Info.plist */ = {isa = PBXFileReference; lastKnownFileType = text.plist.xml; path = Info.plist; sourceTree = "<group>"; };
		E240628A1F81637200C77FAE /* TimeLineView-Bridging-Header.h */ = {isa = PBXFileReference; lastKnownFileType = sourcecode.c.h; path = "TimeLineView-Bridging-Header.h"; sourceTree = "<group>"; };
		E24742D41F93A82A00409ECE /* SelectedTimeIntervalScope.swift */ = {isa = PBXFileReference; lastKnownFileType = sourcecode.swift; path = SelectedTimeIntervalScope.swift; sourceTree = "<group>"; };
		E24742D61F93A82A00409ECE /* TimeIntervalScrollViewSectorIntervalEnum.h */ = {isa = PBXFileReference; lastKnownFileType = sourcecode.c.h; path = TimeIntervalScrollViewSectorIntervalEnum.h; sourceTree = "<group>"; };
		E24742D81F93A82A00409ECE /* Date+Extensions.swift */ = {isa = PBXFileReference; lastKnownFileType = sourcecode.swift; path = "Date+Extensions.swift"; sourceTree = "<group>"; };
		E24742D91F93A82A00409ECE /* String+Attributes.swift */ = {isa = PBXFileReference; lastKnownFileType = sourcecode.swift; path = "String+Attributes.swift"; sourceTree = "<group>"; };
		E24742DB1F93A82A00409ECE /* TimeLineViewDataSource.h */ = {isa = PBXFileReference; lastKnownFileType = sourcecode.c.h; path = TimeLineViewDataSource.h; sourceTree = "<group>"; };
		E24742DC1F93A82A00409ECE /* TimeLineViewDelegate.h */ = {isa = PBXFileReference; lastKnownFileType = sourcecode.c.h; path = TimeLineViewDelegate.h; sourceTree = "<group>"; };
		E24742DE1F93A82A00409ECE /* TimeLineViewSyncManager.swift */ = {isa = PBXFileReference; lastKnownFileType = sourcecode.swift; path = TimeLineViewSyncManager.swift; sourceTree = "<group>"; };
		E24742E01F93A82A00409ECE /* ReservationView.swift */ = {isa = PBXFileReference; lastKnownFileType = sourcecode.swift; path = ReservationView.swift; sourceTree = "<group>"; };
		E24742E11F93A82A00409ECE /* SelectedTimeIntervalView.swift */ = {isa = PBXFileReference; lastKnownFileType = sourcecode.swift; path = SelectedTimeIntervalView.swift; sourceTree = "<group>"; };
		E24742E21F93A82A00409ECE /* ThumbView.swift */ = {isa = PBXFileReference; lastKnownFileType = sourcecode.swift; path = ThumbView.swift; sourceTree = "<group>"; };
		E24742E31F93A82A00409ECE /* TimeLineView.swift */ = {isa = PBXFileReference; lastKnownFileType = sourcecode.swift; path = TimeLineView.swift; sourceTree = "<group>"; };
		E2BCA57D1F8AA5FD00A2B250 /* ReservationModel.swift */ = {isa = PBXFileReference; lastKnownFileType = sourcecode.swift; path = ReservationModel.swift; sourceTree = "<group>"; };
		E2BCA57F1F8AACEB00A2B250 /* CTimeLineViewModel.swift */ = {isa = PBXFileReference; lastKnownFileType = sourcecode.swift; path = CTimeLineViewModel.swift; sourceTree = "<group>"; };
/* End PBXFileReference section */

/* Begin PBXFrameworksBuildPhase section */
		E24062661F811AE700C77FAE /* Frameworks */ = {
			isa = PBXFrameworksBuildPhase;
			buildActionMask = 2147483647;
			files = (
			);
			runOnlyForDeploymentPostprocessing = 0;
		};
/* End PBXFrameworksBuildPhase section */

/* Begin PBXGroup section */
		C6075B8C1F8BB3C3005C425C /* Models */ = {
			isa = PBXGroup;
			children = (
				E2BCA57D1F8AA5FD00A2B250 /* ReservationModel.swift */,
				C6AC8ADA1F822C600049A52B /* CDateInterval.h */,
				C6AC8ADB1F822C610049A52B /* CDateInterval.m */,
			);
			path = Models;
			sourceTree = "<group>";
		};
		C6075B8F1F8BB3E8005C425C /* Controllers */ = {
			isa = PBXGroup;
			children = (
				E240626E1F811AE700C77FAE /* ViewController.swift */,
			);
			path = Controllers;
			sourceTree = "<group>";
		};
		C6075B911F8BB401005C425C /* Storyboards */ = {
			isa = PBXGroup;
			children = (
				E24062701F811AE700C77FAE /* Main.storyboard */,
			);
			path = Storyboards;
			sourceTree = "<group>";
		};
		C6075B931F8BB439005C425C /* LaunchScreen */ = {
			isa = PBXGroup;
			children = (
				E24062751F811AE700C77FAE /* LaunchScreen.storyboard */,
			);
			path = LaunchScreen;
			sourceTree = "<group>";
		};
		C6075B941F8BB443005C425C /* AppDelegate */ = {
			isa = PBXGroup;
			children = (
				E240626C1F811AE700C77FAE /* AppDelegate.swift */,
			);
			path = AppDelegate;
			sourceTree = "<group>";
		};
		C6075B981F8BB69F005C425C /* Resources */ = {
			isa = PBXGroup;
			children = (
				E24062731F811AE700C77FAE /* Assets.xcassets */,
				E24062781F811AE700C77FAE /* Info.plist */,
				E240628A1F81637200C77FAE /* TimeLineView-Bridging-Header.h */,
			);
			name = Resources;
			sourceTree = "<group>";
		};
		C6B1AB081F94DF8500B87747 /* Appearance */ = {
			isa = PBXGroup;
			children = (
				C6B1AB091F94DFF700B87747 /* TimeLineViewAppearance.swift */,
				C6B1AB0B1F94F1E200B87747 /* TimeLineDefaultAppearance.swift */,
			);
			path = Appearance;
			sourceTree = "<group>";
		};
		C6B1AB0D1F9505B100B87747 /* Models */ = {
			isa = PBXGroup;
			children = (
				E2BCA57F1F8AACEB00A2B250 /* CTimeLineViewModel.swift */,
			);
			path = Models;
			sourceTree = "<group>";
		};
		E24062601F811AE700C77FAE = {
			isa = PBXGroup;
			children = (
				E240626B1F811AE700C77FAE /* TimeLineViewTest */,
				E240626A1F811AE700C77FAE /* Products */,
			);
			sourceTree = "<group>";
		};
		E240626A1F811AE700C77FAE /* Products */ = {
			isa = PBXGroup;
			children = (
				E24062691F811AE700C77FAE /* TimeLineViewTest.app */,
			);
			name = Products;
			sourceTree = "<group>";
		};
		E240626B1F811AE700C77FAE /* TimeLineViewTest */ = {
			isa = PBXGroup;
			children = (
				E24742D21F93A82A00409ECE /* TimeLineView */,
				C6075B941F8BB443005C425C /* AppDelegate */,
				C6075B8F1F8BB3E8005C425C /* Controllers */,
				C6075B8C1F8BB3C3005C425C /* Models */,
				C6075B911F8BB401005C425C /* Storyboards */,
				C6075B931F8BB439005C425C /* LaunchScreen */,
				C6075B981F8BB69F005C425C /* Resources */,
			);
			path = TimeLineViewTest;
			sourceTree = "<group>";
		};
		E24742D21F93A82A00409ECE /* TimeLineView */ = {
			isa = PBXGroup;
			children = (
				C6B1AB081F94DF8500B87747 /* Appearance */,
				E24742D31F93A82A00409ECE /* Arithmetics */,
				E24742D51F93A82A00409ECE /* Enums */,
				E24742D71F93A82A00409ECE /* Extensions */,
				E24742DA1F93A82A00409ECE /* Protocols */,
				E24742DD1F93A82A00409ECE /* Utils */,
				C6B1AB0D1F9505B100B87747 /* Models */,
				E24742DF1F93A82A00409ECE /* Views */,
			);
			path = TimeLineView;
			sourceTree = "<group>";
		};
		E24742D31F93A82A00409ECE /* Arithmetics */ = {
			isa = PBXGroup;
			children = (
				E24742D41F93A82A00409ECE /* SelectedTimeIntervalScope.swift */,
			);
			path = Arithmetics;
			sourceTree = "<group>";
		};
		E24742D51F93A82A00409ECE /* Enums */ = {
			isa = PBXGroup;
			children = (
				E24742D61F93A82A00409ECE /* TimeIntervalScrollViewSectorIntervalEnum.h */,
			);
			path = Enums;
			sourceTree = "<group>";
		};
		E24742D71F93A82A00409ECE /* Extensions */ = {
			isa = PBXGroup;
			children = (
				E24742D81F93A82A00409ECE /* Date+Extensions.swift */,
				E24742D91F93A82A00409ECE /* String+Attributes.swift */,
			);
			path = Extensions;
			sourceTree = "<group>";
		};
		E24742DA1F93A82A00409ECE /* Protocols */ = {
			isa = PBXGroup;
			children = (
				E24742DB1F93A82A00409ECE /* TimeLineViewDataSource.h */,
				E24742DC1F93A82A00409ECE /* TimeLineViewDelegate.h */,
			);
			path = Protocols;
			sourceTree = "<group>";
		};
		E24742DD1F93A82A00409ECE /* Utils */ = {
			isa = PBXGroup;
			children = (
				E24742DE1F93A82A00409ECE /* TimeLineViewSyncManager.swift */,
				E23243801F92774900C433BE /* Misc.swift */,
			);
			path = Utils;
			sourceTree = "<group>";
		};
		E24742DF1F93A82A00409ECE /* Views */ = {
			isa = PBXGroup;
			children = (
				E24742E01F93A82A00409ECE /* ReservationView.swift */,
				E24742E11F93A82A00409ECE /* SelectedTimeIntervalView.swift */,
				E24742E21F93A82A00409ECE /* ThumbView.swift */,
				E24742E31F93A82A00409ECE /* TimeLineView.swift */,
				C60C77CE1F9F443F004C60AE /* TimeLineScrollView.swift */,
			);
			path = Views;
			sourceTree = "<group>";
		};
/* End PBXGroup section */

/* Begin PBXNativeTarget section */
		E24062681F811AE700C77FAE /* TimeLineViewTest */ = {
			isa = PBXNativeTarget;
			buildConfigurationList = E240627B1F811AE700C77FAE /* Build configuration list for PBXNativeTarget "TimeLineViewTest" */;
			buildPhases = (
				E24062651F811AE700C77FAE /* Sources */,
				E24062661F811AE700C77FAE /* Frameworks */,
				E24062671F811AE700C77FAE /* Resources */,
			);
			buildRules = (
			);
			dependencies = (
			);
			name = TimeLineViewTest;
			productName = TimeScrollViewTest;
			productReference = E24062691F811AE700C77FAE /* TimeLineViewTest.app */;
			productType = "com.apple.product-type.application";
		};
/* End PBXNativeTarget section */

/* Begin PBXProject section */
		E24062611F811AE700C77FAE /* Project object */ = {
			isa = PBXProject;
			attributes = {
				LastSwiftUpdateCheck = 0900;
				LastUpgradeCheck = 0900;
				ORGANIZATIONNAME = "d'Man";
				TargetAttributes = {
					E24062681F811AE700C77FAE = {
						CreatedOnToolsVersion = 9.0;
						LastSwiftMigration = 0900;
						ProvisioningStyle = Automatic;
					};
				};
			};
			buildConfigurationList = E24062641F811AE700C77FAE /* Build configuration list for PBXProject "TimeLineViewTest" */;
			compatibilityVersion = "Xcode 8.0";
			developmentRegion = en;
			hasScannedForEncodings = 0;
			knownRegions = (
				en,
				Base,
			);
			mainGroup = E24062601F811AE700C77FAE;
			productRefGroup = E240626A1F811AE700C77FAE /* Products */;
			projectDirPath = "";
			projectRoot = "";
			targets = (
				E24062681F811AE700C77FAE /* TimeLineViewTest */,
			);
		};
/* End PBXProject section */

/* Begin PBXResourcesBuildPhase section */
		E24062671F811AE700C77FAE /* Resources */ = {
			isa = PBXResourcesBuildPhase;
			buildActionMask = 2147483647;
			files = (
				E24062771F811AE700C77FAE /* LaunchScreen.storyboard in Resources */,
				E24062741F811AE700C77FAE /* Assets.xcassets in Resources */,
				E24062721F811AE700C77FAE /* Main.storyboard in Resources */,
			);
			runOnlyForDeploymentPostprocessing = 0;
		};
/* End PBXResourcesBuildPhase section */

/* Begin PBXSourcesBuildPhase section */
		E24062651F811AE700C77FAE /* Sources */ = {
			isa = PBXSourcesBuildPhase;
			buildActionMask = 2147483647;
			files = (
				E24742E71F93A94900409ECE /* Date+Extensions.swift in Sources */,
				E24742E81F93A94900409ECE /* String+Attributes.swift in Sources */,
				E24742E91F93A94900409ECE /* TimeLineViewSyncManager.swift in Sources */,
				E24742EA1F93A94900409ECE /* ReservationView.swift in Sources */,
				E24742EB1F93A94900409ECE /* SelectedTimeIntervalView.swift in Sources */,
				C6B1AB0A1F94DFF700B87747 /* TimeLineViewAppearance.swift in Sources */,
				C6B1AB0C1F94F1E200B87747 /* TimeLineDefaultAppearance.swift in Sources */,
				C60C77CF1F9F443F004C60AE /* TimeLineScrollView.swift in Sources */,
				E24742E61F93A93D00409ECE /* SelectedTimeIntervalScope.swift in Sources */,
				E2BCA5801F8AACEB00A2B250 /* CTimeLineViewModel.swift in Sources */,
				E240626D1F811AE700C77FAE /* AppDelegate.swift in Sources */,
				E23243811F92774900C433BE /* Misc.swift in Sources */,
				E23243791F92533B00C433BE /* ViewController.swift in Sources */,
				C6AC8ADC1F822C610049A52B /* CDateInterval.m in Sources */,
				E24742E51F93A93200409ECE /* ThumbView.swift in Sources */,
				E2BCA57E1F8AA5FD00A2B250 /* ReservationModel.swift in Sources */,
				E24742E41F93A92F00409ECE /* TimeLineView.swift in Sources */,
			);
			runOnlyForDeploymentPostprocessing = 0;
		};
/* End PBXSourcesBuildPhase section */

/* Begin PBXVariantGroup section */
		E24062701F811AE700C77FAE /* Main.storyboard */ = {
			isa = PBXVariantGroup;
			children = (
				E24062711F811AE700C77FAE /* Base */,
			);
			name = Main.storyboard;
			sourceTree = "<group>";
		};
		E24062751F811AE700C77FAE /* LaunchScreen.storyboard */ = {
			isa = PBXVariantGroup;
			children = (
				E24062761F811AE700C77FAE /* Base */,
			);
			name = LaunchScreen.storyboard;
			sourceTree = "<group>";
		};
/* End PBXVariantGroup section */

/* Begin XCBuildConfiguration section */
		E24062791F811AE700C77FAE /* Debug */ = {
			isa = XCBuildConfiguration;
			buildSettings = {
				ALWAYS_SEARCH_USER_PATHS = NO;
				CLANG_ANALYZER_NONNULL = YES;
				CLANG_ANALYZER_NUMBER_OBJECT_CONVERSION = YES_AGGRESSIVE;
				CLANG_CXX_LANGUAGE_STANDARD = "gnu++14";
				CLANG_CXX_LIBRARY = "libc++";
				CLANG_ENABLE_MODULES = YES;
				CLANG_ENABLE_OBJC_ARC = YES;
				CLANG_WARN_BLOCK_CAPTURE_AUTORELEASING = YES;
				CLANG_WARN_BOOL_CONVERSION = YES;
				CLANG_WARN_COMMA = YES;
				CLANG_WARN_CONSTANT_CONVERSION = YES;
				CLANG_WARN_DIRECT_OBJC_ISA_USAGE = YES_ERROR;
				CLANG_WARN_DOCUMENTATION_COMMENTS = YES;
				CLANG_WARN_EMPTY_BODY = YES;
				CLANG_WARN_ENUM_CONVERSION = YES;
				CLANG_WARN_INFINITE_RECURSION = YES;
				CLANG_WARN_INT_CONVERSION = YES;
				CLANG_WARN_NON_LITERAL_NULL_CONVERSION = YES;
				CLANG_WARN_OBJC_LITERAL_CONVERSION = YES;
				CLANG_WARN_OBJC_ROOT_CLASS = YES_ERROR;
				CLANG_WARN_RANGE_LOOP_ANALYSIS = YES;
				CLANG_WARN_STRICT_PROTOTYPES = YES;
				CLANG_WARN_SUSPICIOUS_MOVE = YES;
				CLANG_WARN_UNGUARDED_AVAILABILITY = YES_AGGRESSIVE;
				CLANG_WARN_UNREACHABLE_CODE = YES;
				CLANG_WARN__DUPLICATE_METHOD_MATCH = YES;
				CODE_SIGN_IDENTITY = "iPhone Developer";
				COPY_PHASE_STRIP = NO;
				DEBUG_INFORMATION_FORMAT = dwarf;
				ENABLE_STRICT_OBJC_MSGSEND = YES;
				ENABLE_TESTABILITY = YES;
				GCC_C_LANGUAGE_STANDARD = gnu11;
				GCC_DYNAMIC_NO_PIC = NO;
				GCC_NO_COMMON_BLOCKS = YES;
				GCC_OPTIMIZATION_LEVEL = 0;
				GCC_PREPROCESSOR_DEFINITIONS = (
					"DEBUG=1",
					"$(inherited)",
				);
				GCC_WARN_64_TO_32_BIT_CONVERSION = YES;
				GCC_WARN_ABOUT_RETURN_TYPE = YES_ERROR;
				GCC_WARN_UNDECLARED_SELECTOR = YES;
				GCC_WARN_UNINITIALIZED_AUTOS = YES_AGGRESSIVE;
				GCC_WARN_UNUSED_FUNCTION = YES;
				GCC_WARN_UNUSED_VARIABLE = YES;
				IPHONEOS_DEPLOYMENT_TARGET = 11.0;
				MTL_ENABLE_DEBUG_INFO = YES;
				ONLY_ACTIVE_ARCH = YES;
				SDKROOT = iphoneos;
				SWIFT_ACTIVE_COMPILATION_CONDITIONS = DEBUG;
				SWIFT_OPTIMIZATION_LEVEL = "-Onone";
			};
			name = Debug;
		};
		E240627A1F811AE700C77FAE /* Release */ = {
			isa = XCBuildConfiguration;
			buildSettings = {
				ALWAYS_SEARCH_USER_PATHS = NO;
				CLANG_ANALYZER_NONNULL = YES;
				CLANG_ANALYZER_NUMBER_OBJECT_CONVERSION = YES_AGGRESSIVE;
				CLANG_CXX_LANGUAGE_STANDARD = "gnu++14";
				CLANG_CXX_LIBRARY = "libc++";
				CLANG_ENABLE_MODULES = YES;
				CLANG_ENABLE_OBJC_ARC = YES;
				CLANG_WARN_BLOCK_CAPTURE_AUTORELEASING = YES;
				CLANG_WARN_BOOL_CONVERSION = YES;
				CLANG_WARN_COMMA = YES;
				CLANG_WARN_CONSTANT_CONVERSION = YES;
				CLANG_WARN_DIRECT_OBJC_ISA_USAGE = YES_ERROR;
				CLANG_WARN_DOCUMENTATION_COMMENTS = YES;
				CLANG_WARN_EMPTY_BODY = YES;
				CLANG_WARN_ENUM_CONVERSION = YES;
				CLANG_WARN_INFINITE_RECURSION = YES;
				CLANG_WARN_INT_CONVERSION = YES;
				CLANG_WARN_NON_LITERAL_NULL_CONVERSION = YES;
				CLANG_WARN_OBJC_LITERAL_CONVERSION = YES;
				CLANG_WARN_OBJC_ROOT_CLASS = YES_ERROR;
				CLANG_WARN_RANGE_LOOP_ANALYSIS = YES;
				CLANG_WARN_STRICT_PROTOTYPES = YES;
				CLANG_WARN_SUSPICIOUS_MOVE = YES;
				CLANG_WARN_UNGUARDED_AVAILABILITY = YES_AGGRESSIVE;
				CLANG_WARN_UNREACHABLE_CODE = YES;
				CLANG_WARN__DUPLICATE_METHOD_MATCH = YES;
				CODE_SIGN_IDENTITY = "iPhone Developer";
				COPY_PHASE_STRIP = NO;
				DEBUG_INFORMATION_FORMAT = "dwarf-with-dsym";
				ENABLE_NS_ASSERTIONS = NO;
				ENABLE_STRICT_OBJC_MSGSEND = YES;
				GCC_C_LANGUAGE_STANDARD = gnu11;
				GCC_NO_COMMON_BLOCKS = YES;
				GCC_WARN_64_TO_32_BIT_CONVERSION = YES;
				GCC_WARN_ABOUT_RETURN_TYPE = YES_ERROR;
				GCC_WARN_UNDECLARED_SELECTOR = YES;
				GCC_WARN_UNINITIALIZED_AUTOS = YES_AGGRESSIVE;
				GCC_WARN_UNUSED_FUNCTION = YES;
				GCC_WARN_UNUSED_VARIABLE = YES;
				IPHONEOS_DEPLOYMENT_TARGET = 11.0;
				MTL_ENABLE_DEBUG_INFO = NO;
				SDKROOT = iphoneos;
				SWIFT_OPTIMIZATION_LEVEL = "-Owholemodule";
				VALIDATE_PRODUCT = YES;
			};
			name = Release;
		};
		E240627C1F811AE700C77FAE /* Debug */ = {
			isa = XCBuildConfiguration;
			buildSettings = {
				ASSETCATALOG_COMPILER_APPICON_NAME = AppIcon;
				CLANG_ENABLE_MODULES = YES;
				CODE_SIGN_STYLE = Automatic;
				DEVELOPMENT_TEAM = H36ZK5YU8T;
				INFOPLIST_FILE = "$(SRCROOT)/TimeLineViewTest/Info.plist";
				LD_RUNPATH_SEARCH_PATHS = "$(inherited) @executable_path/Frameworks";
				PRODUCT_BUNDLE_IDENTIFIER = "panychyk6-gmail.com.TimeScrollViewTest";
				PRODUCT_NAME = "$(TARGET_NAME)";
				SWIFT_OBJC_BRIDGING_HEADER = "TimeLineViewTest/TimeLineView-Bridging-Header.h";
				SWIFT_OPTIMIZATION_LEVEL = "-Onone";
				SWIFT_VERSION = 4.0;
				TARGETED_DEVICE_FAMILY = "1,2";
			};
			name = Debug;
		};
		E240627D1F811AE700C77FAE /* Release */ = {
			isa = XCBuildConfiguration;
			buildSettings = {
				ASSETCATALOG_COMPILER_APPICON_NAME = AppIcon;
				CLANG_ENABLE_MODULES = YES;
				CODE_SIGN_STYLE = Automatic;
				DEVELOPMENT_TEAM = H36ZK5YU8T;
				INFOPLIST_FILE = "$(SRCROOT)/TimeLineViewTest/Info.plist";
				LD_RUNPATH_SEARCH_PATHS = "$(inherited) @executable_path/Frameworks";
				PRODUCT_BUNDLE_IDENTIFIER = "panychyk6-gmail.com.TimeScrollViewTest";
				PRODUCT_NAME = "$(TARGET_NAME)";
				SWIFT_OBJC_BRIDGING_HEADER = "TimeLineViewTest/TimeLineView-Bridging-Header.h";
				SWIFT_VERSION = 4.0;
				TARGETED_DEVICE_FAMILY = "1,2";
			};
			name = Release;
		};
/* End XCBuildConfiguration section */

/* Begin XCConfigurationList section */
		E24062641F811AE700C77FAE /* Build configuration list for PBXProject "TimeLineViewTest" */ = {
			isa = XCConfigurationList;
			buildConfigurations = (
				E24062791F811AE700C77FAE /* Debug */,
				E240627A1F811AE700C77FAE /* Release */,
			);
			defaultConfigurationIsVisible = 0;
			defaultConfigurationName = Release;
		};
		E240627B1F811AE700C77FAE /* Build configuration list for PBXNativeTarget "TimeLineViewTest" */ = {
			isa = XCConfigurationList;
			buildConfigurations = (
				E240627C1F811AE700C77FAE /* Debug */,
				E240627D1F811AE700C77FAE /* Release */,
			);
			defaultConfigurationIsVisible = 0;
			defaultConfigurationName = Release;
		};
/* End XCConfigurationList section */
	};
	rootObject = E24062611F811AE700C77FAE /* Project object */;
}
